
Microsoft Visual Studio Solution File, Format Version 12.00
# Visual Studio Version 17
VisualStudioVersion = 17.9.34714.143
MinimumVisualStudioVersion = 10.0.40219.1
Project("{9A19103F-16F7-4668-BE54-9A1E7A4F7556}") = "RoSatGCS", "RoSatGCS\RoSatGCS.csproj", "{D9853F9C-8AAA-4FF1-BDBD-82658250CD23}"
EndProject
Project("{8BC9CEB8-8B4A-11D0-8D11-00A0C91BC942}") = "RoSatProcessor", "RoSatProcessor\RoSatProcessor.vcxproj", "{7FA639F0-9178-4E7B-BC5F-91681A1F876F}"
EndProject
Project("{8BC9CEB8-8B4A-11D0-8D11-00A0C91BC942}") = "RoSatProcessorTest", "RoSatProcessorTest\RoSatProcessorTest.vcxproj", "{91AAF5CC-BA9B-4240-8447-DDE314C8718F}"
EndProject
Project("{8BC9CEB8-8B4A-11D0-8D11-00A0C91BC942}") = "RoSatParser", "RoSatParser\RoSatParser.vcxproj", "{C23019ED-969C-4788-A356-194142F67C34}"
EndProject
Project("{8BC9CEB8-8B4A-11D0-8D11-00A0C91BC942}") = "TestCode", "TestCode\TestCode.vcxproj", "{570CBBD5-43CF-4F7B-A530-01177CA17BE8}"
EndProject
Project("{2150E333-8FDC-42A3-9474-1A3956D46DE8}") = "솔루션 항목", "솔루션 항목", "{2A3A057F-5D22-31FD-628C-DF5EF75AEF1E}"
	ProjectSection(SolutionItems) = preProject
		Readme.md = Readme.md
	EndProjectSection
EndProject
Project("{FAE04EC0-301F-11D3-BF4B-00C04F79EFBC}") = "GCSControls", "GCSControls\GCSControls.csproj", "{80C26AE5-B0C0-C442-FE35-53DBB7AEF9E8}"
EndProject
Project("{FAE04EC0-301F-11D3-BF4B-00C04F79EFBC}") = "Launcher", "Launcher\Launcher.csproj", "{9246E4C6-F90A-4D96-90A4-04DC4C608641}"
EndProject
Global
	GlobalSection(SolutionConfigurationPlatforms) = preSolution
		Debug|Any CPU = Debug|Any CPU
		Debug|x64 = Debug|x64
		Debug|x86 = Debug|x86
		Release|Any CPU = Release|Any CPU
		Release|x64 = Release|x64
		Release|x86 = Release|x86
	EndGlobalSection
	GlobalSection(ProjectConfigurationPlatforms) = postSolution
		{D9853F9C-8AAA-4FF1-BDBD-82658250CD23}.Debug|Any CPU.ActiveCfg = Debug|Any CPU
		{D9853F9C-8AAA-4FF1-BDBD-82658250CD23}.Debug|Any CPU.Build.0 = Debug|Any CPU
		{D9853F9C-8AAA-4FF1-BDBD-82658250CD23}.Debug|x64.ActiveCfg = Debug|Any CPU
		{D9853F9C-8AAA-4FF1-BDBD-82658250CD23}.Debug|x64.Build.0 = Debug|Any CPU
		{D9853F9C-8AAA-4FF1-BDBD-82658250CD23}.Debug|x86.ActiveCfg = Debug|Any CPU
		{D9853F9C-8AAA-4FF1-BDBD-82658250CD23}.Debug|x86.Build.0 = Debug|Any CPU
		{D9853F9C-8AAA-4FF1-BDBD-82658250CD23}.Release|Any CPU.ActiveCfg = Release|Any CPU
		{D9853F9C-8AAA-4FF1-BDBD-82658250CD23}.Release|Any CPU.Build.0 = Release|Any CPU
		{D9853F9C-8AAA-4FF1-BDBD-82658250CD23}.Release|x64.ActiveCfg = Release|Any CPU
		{D9853F9C-8AAA-4FF1-BDBD-82658250CD23}.Release|x64.Build.0 = Release|Any CPU
		{D9853F9C-8AAA-4FF1-BDBD-82658250CD23}.Release|x86.ActiveCfg = Release|Any CPU
		{D9853F9C-8AAA-4FF1-BDBD-82658250CD23}.Release|x86.Build.0 = Release|Any CPU
		{7FA639F0-9178-4E7B-BC5F-91681A1F876F}.Debug|Any CPU.ActiveCfg = Debug|x64
		{7FA639F0-9178-4E7B-BC5F-91681A1F876F}.Debug|Any CPU.Build.0 = Debug|x64
		{7FA639F0-9178-4E7B-BC5F-91681A1F876F}.Debug|x64.ActiveCfg = Debug|x64
		{7FA639F0-9178-4E7B-BC5F-91681A1F876F}.Debug|x64.Build.0 = Debug|x64
		{7FA639F0-9178-4E7B-BC5F-91681A1F876F}.Debug|x86.ActiveCfg = Debug|Win32
		{7FA639F0-9178-4E7B-BC5F-91681A1F876F}.Debug|x86.Build.0 = Debug|Win32
		{7FA639F0-9178-4E7B-BC5F-91681A1F876F}.Release|Any CPU.ActiveCfg = Release|x64
		{7FA639F0-9178-4E7B-BC5F-91681A1F876F}.Release|Any CPU.Build.0 = Release|x64
		{7FA639F0-9178-4E7B-BC5F-91681A1F876F}.Release|x64.ActiveCfg = Release|x64
		{7FA639F0-9178-4E7B-BC5F-91681A1F876F}.Release|x64.Build.0 = Release|x64
		{7FA639F0-9178-4E7B-BC5F-91681A1F876F}.Release|x86.ActiveCfg = Release|Win32
		{7FA639F0-9178-4E7B-BC5F-91681A1F876F}.Release|x86.Build.0 = Release|Win32
		{91AAF5CC-BA9B-4240-8447-DDE314C8718F}.Debug|Any CPU.ActiveCfg = Debug|x64
		{91AAF5CC-BA9B-4240-8447-DDE314C8718F}.Debug|Any CPU.Build.0 = Debug|x64
		{91AAF5CC-BA9B-4240-8447-DDE314C8718F}.Debug|x64.ActiveCfg = Debug|x64
		{91AAF5CC-BA9B-4240-8447-DDE314C8718F}.Debug|x64.Build.0 = Debug|x64
		{91AAF5CC-BA9B-4240-8447-DDE314C8718F}.Debug|x86.ActiveCfg = Debug|Win32
		{91AAF5CC-BA9B-4240-8447-DDE314C8718F}.Debug|x86.Build.0 = Debug|Win32
		{91AAF5CC-BA9B-4240-8447-DDE314C8718F}.Release|Any CPU.ActiveCfg = Release|x64
		{91AAF5CC-BA9B-4240-8447-DDE314C8718F}.Release|Any CPU.Build.0 = Release|x64
		{91AAF5CC-BA9B-4240-8447-DDE314C8718F}.Release|x64.ActiveCfg = Release|x64
		{91AAF5CC-BA9B-4240-8447-DDE314C8718F}.Release|x64.Build.0 = Release|x64
		{91AAF5CC-BA9B-4240-8447-DDE314C8718F}.Release|x86.ActiveCfg = Release|Win32
		{91AAF5CC-BA9B-4240-8447-DDE314C8718F}.Release|x86.Build.0 = Release|Win32
		{C23019ED-969C-4788-A356-194142F67C34}.Debug|Any CPU.ActiveCfg = Debug|x64
		{C23019ED-969C-4788-A356-194142F67C34}.Debug|Any CPU.Build.0 = Debug|x64
		{C23019ED-969C-4788-A356-194142F67C34}.Debug|x64.ActiveCfg = Debug|x64
		{C23019ED-969C-4788-A356-194142F67C34}.Debug|x64.Build.0 = Debug|x64
		{C23019ED-969C-4788-A356-194142F67C34}.Debug|x86.ActiveCfg = Debug|Win32
		{C23019ED-969C-4788-A356-194142F67C34}.Debug|x86.Build.0 = Debug|Win32
		{C23019ED-969C-4788-A356-194142F67C34}.Release|Any CPU.ActiveCfg = Release|x64
		{C23019ED-969C-4788-A356-194142F67C34}.Release|Any CPU.Build.0 = Release|x64
		{C23019ED-969C-4788-A356-194142F67C34}.Release|x64.ActiveCfg = Release|x64
		{C23019ED-969C-4788-A356-194142F67C34}.Release|x64.Build.0 = Release|x64
		{C23019ED-969C-4788-A356-194142F67C34}.Release|x86.ActiveCfg = Release|Win32
		{C23019ED-969C-4788-A356-194142F67C34}.Release|x86.Build.0 = Release|Win32
		{570CBBD5-43CF-4F7B-A530-01177CA17BE8}.Debug|Any CPU.ActiveCfg = Debug|x64
		{570CBBD5-43CF-4F7B-A530-01177CA17BE8}.Debug|Any CPU.Build.0 = Debug|x64
		{570CBBD5-43CF-4F7B-A530-01177CA17BE8}.Debug|x64.ActiveCfg = Debug|x64
		{570CBBD5-43CF-4F7B-A530-01177CA17BE8}.Debug|x64.Build.0 = Debug|x64
		{570CBBD5-43CF-4F7B-A530-01177CA17BE8}.Debug|x86.ActiveCfg = Debug|Win32
		{570CBBD5-43CF-4F7B-A530-01177CA17BE8}.Debug|x86.Build.0 = Debug|Win32
		{570CBBD5-43CF-4F7B-A530-01177CA17BE8}.Release|Any CPU.ActiveCfg = Release|x64
		{570CBBD5-43CF-4F7B-A530-01177CA17BE8}.Release|Any CPU.Build.0 = Release|x64
		{570CBBD5-43CF-4F7B-A530-01177CA17BE8}.Release|x64.ActiveCfg = Release|x64
		{570CBBD5-43CF-4F7B-A530-01177CA17BE8}.Release|x64.Build.0 = Release|x64
		{570CBBD5-43CF-4F7B-A530-01177CA17BE8}.Release|x86.ActiveCfg = Release|Win32
		{570CBBD5-43CF-4F7B-A530-01177CA17BE8}.Release|x86.Build.0 = Release|Win32
		{80C26AE5-B0C0-C442-FE35-53DBB7AEF9E8}.Debug|Any CPU.ActiveCfg = Debug|Any CPU
		{80C26AE5-B0C0-C442-FE35-53DBB7AEF9E8}.Debug|Any CPU.Build.0 = Debug|Any CPU
		{80C26AE5-B0C0-C442-FE35-53DBB7AEF9E8}.Debug|x64.ActiveCfg = Debug|Any CPU
		{80C26AE5-B0C0-C442-FE35-53DBB7AEF9E8}.Debug|x64.Build.0 = Debug|Any CPU
		{80C26AE5-B0C0-C442-FE35-53DBB7AEF9E8}.Debug|x86.ActiveCfg = Debug|Any CPU
		{80C26AE5-B0C0-C442-FE35-53DBB7AEF9E8}.Debug|x86.Build.0 = Debug|Any CPU
		{80C26AE5-B0C0-C442-FE35-53DBB7AEF9E8}.Release|Any CPU.ActiveCfg = Release|Any CPU
		{80C26AE5-B0C0-C442-FE35-53DBB7AEF9E8}.Release|Any CPU.Build.0 = Release|Any CPU
		{80C26AE5-B0C0-C442-FE35-53DBB7AEF9E8}.Release|x64.ActiveCfg = Release|Any CPU
		{80C26AE5-B0C0-C442-FE35-53DBB7AEF9E8}.Release|x64.Build.0 = Release|Any CPU
		{80C26AE5-B0C0-C442-FE35-53DBB7AEF9E8}.Release|x86.ActiveCfg = Release|Any CPU
		{80C26AE5-B0C0-C442-FE35-53DBB7AEF9E8}.Release|x86.Build.0 = Release|Any CPU
		{9246E4C6-F90A-4D96-90A4-04DC4C608641}.Debug|Any CPU.ActiveCfg = Debug|Any CPU
		{9246E4C6-F90A-4D96-90A4-04DC4C608641}.Debug|Any CPU.Build.0 = Debug|Any CPU
		{9246E4C6-F90A-4D96-90A4-04DC4C608641}.Debug|x64.ActiveCfg = Debug|Any CPU
		{9246E4C6-F90A-4D96-90A4-04DC4C608641}.Debug|x64.Build.0 = Debug|Any CPU
		{9246E4C6-F90A-4D96-90A4-04DC4C608641}.Debug|x86.ActiveCfg = Debug|Any CPU
		{9246E4C6-F90A-4D96-90A4-04DC4C608641}.Debug|x86.Build.0 = Debug|Any CPU
		{9246E4C6-F90A-4D96-90A4-04DC4C608641}.Release|Any CPU.ActiveCfg = Release|Any CPU
		{9246E4C6-F90A-4D96-90A4-04DC4C608641}.Release|Any CPU.Build.0 = Release|Any CPU
		{9246E4C6-F90A-4D96-90A4-04DC4C608641}.Release|x64.ActiveCfg = Release|Any CPU
		{9246E4C6-F90A-4D96-90A4-04DC4C608641}.Release|x64.Build.0 = Release|Any CPU
		{9246E4C6-F90A-4D96-90A4-04DC4C608641}.Release|x86.ActiveCfg = Release|Any CPU
		{9246E4C6-F90A-4D96-90A4-04DC4C608641}.Release|x86.Build.0 = Release|Any CPU
	EndGlobalSection
	GlobalSection(SolutionProperties) = preSolution
		HideSolutionNode = FALSE
	EndGlobalSection
	GlobalSection(ExtensibilityGlobals) = postSolution
		SolutionGuid = {63958B02-25D0-4420-8566-C7E5937780FF}
	EndGlobalSection
EndGlobal
